%{
  "acceptor_pool": {:hex, :acceptor_pool, "1.0.0-rc.0", "679d741df87fc13599b1aef2df8f78f1f880449a6befab7c44fb6fae0e92a2de", [:rebar3], []},
  "certifi": {:hex, :certifi, "2.0.0", "a0c0e475107135f76b8c1d5bc7efb33cd3815cb3cf3dea7aefdd174dabead064", [:rebar3], [], "hexpm"},
  "connection": {:hex, :connection, "1.0.4", "a1cae72211f0eef17705aaededacac3eb30e6625b04a6117c1b2db6ace7d5976", [:mix], []},
  "cqerl": {:git, "https://github.com/matehat/cqerl.git", "db339b27fabc6d66a4f7d54716f946f78b44d02b", []},
  "cqex": {:hex, :cqex, "0.2.0", "e94f565527b7440f1f894dfdda8b3df0b5bd12a9416d0306076a60dc65f1b4e6", [:mix], []},
  "db_connection": {:hex, :db_connection, "1.1.1", "f9d246e8f65b9490945cf7360875eee18fcec9a0115207603215eb1fd94c39ef", [:mix], [{:connection, "~> 1.0.2", [hex: :connection, optional: false]}, {:poolboy, "~> 1.5", [hex: :poolboy, optional: true]}, {:sbroker, "~> 1.0", [hex: :sbroker, optional: true]}]},
  "decimal": {:hex, :decimal, "1.3.1", "157b3cedb2bfcb5359372a7766dd7a41091ad34578296e951f58a946fcab49c6", [:mix], []},
  "delayed_otp": {:hex, :delayed_otp, "0.0.3", "f4c86fbd6e6dbe900ba94e4c7339232f924794e6d318c35718764102f3dc4b49", [:mix], []},
  "delta": {:git, "https://github.com/ironbay/delta-elixir.git", "430c4f9154b7e0940a08e5c4d5b72af6465326ad", []},
  "exjsx": {:hex, :exjsx, "3.2.1", "1bc5bf1e4fd249104178f0885030bcd75a4526f4d2a1e976f4b428d347614f0f", [:mix], [{:jsx, "~> 2.8.0", [hex: :jsx, optional: false]}]},
  "gen_flow": {:hex, :gen_flow, "0.0.3", "639f5c3f52dc3f7459542de3f72d5bff11eb7db8fb055657a3011f9a70fcf0d7", [:rebar3], []},
  "goldrush": {:hex, :goldrush, "0.1.9", "f06e5d5f1277da5c413e84d5a2924174182fb108dabb39d5ec548b27424cd106", [:rebar3], []},
  "hackney": {:hex, :hackney, "1.10.1", "c38d0ca52ea80254936a32c45bb7eb414e7a96a521b4ce76d00a69753b157f21", [:rebar3], [{:certifi, "2.0.0", [hex: :certifi, repo: "hexpm", optional: false]}, {:idna, "5.1.0", [hex: :idna, repo: "hexpm", optional: false]}, {:metrics, "1.0.1", [hex: :metrics, repo: "hexpm", optional: false]}, {:mimerl, "1.0.2", [hex: :mimerl, repo: "hexpm", optional: false]}, {:ssl_verify_fun, "1.1.1", [hex: :ssl_verify_fun, repo: "hexpm", optional: false]}], "hexpm"},
  "httpoison": {:hex, :httpoison, "0.13.0", "bfaf44d9f133a6599886720f3937a7699466d23bb0cd7a88b6ba011f53c6f562", [:mix], [{:hackney, "~> 1.8", [hex: :hackney, repo: "hexpm", optional: false]}], "hexpm"},
  "idna": {:hex, :idna, "5.1.0", "d72b4effeb324ad5da3cab1767cb16b17939004e789d8c0ad5b70f3cea20c89a", [:rebar3], [{:unicode_util_compat, "0.3.1", [hex: :unicode_util_compat, repo: "hexpm", optional: false]}], "hexpm"},
  "jsx": {:hex, :jsx, "2.8.3", "a05252d381885240744d955fbe3cf810504eb2567164824e19303ea59eef62cf", [:mix, :rebar3], [], "hexpm"},
  "lager": {:hex, :lager, "3.2.4", "a6deb74dae7927f46bd13255268308ef03eb206ec784a94eaf7c1c0f3b811615", [:rebar3], [{:goldrush, "0.1.9", [hex: :goldrush, optional: false]}]},
  "lager_logger": {:hex, :lager_logger, "1.0.4", "6b5ccf8cd4836494b5da588e2deedbab17f6703d1f5eb330c0dd918ce1755a56", [:mix], [{:lager, ">= 2.1.0", [hex: :lager, optional: false]}]},
  "lasp": {:hex, :lasp, "0.1.0", "6aafae96d3ad581fded9b278e8f39be9330fb9da662d32c1e5f00a8eccd942a5", [:rebar3], [{:gen_flow, "~>0.0.3", [hex: :gen_flow, optional: false]}, {:lager, "~>3.2.4", [hex: :lager, optional: false]}, {:lasp_support, "~>0.0.1", [hex: :lasp_support, optional: false]}, {:partisan, "~>0.2.0", [hex: :partisan, optional: false]}, {:plumtree, "~>0.2.0", [hex: :plumtree, optional: false]}, {:rand_compat, "~>0.0.1", [hex: :rand_compat, optional: false]}, {:sext, "~>1.4.0", [hex: :sext, optional: false]}, {:time_compat, "~>0.0.1", [hex: :time_compat, optional: false]}, {:types, "~>0.0.4", [hex: :types, optional: false]}]},
  "lasp_pg": {:hex, :lasp_pg, "0.0.1", "ca51064ecfbed5a10aed9690d56ebb0a26111979bbc5452e0cafa5d94a1d0c80", [:rebar3], [{:lasp, "~>0.1.0", [hex: :lasp, optional: false]}, {:types, "~>0.0.6", [hex: :types, optional: false]}]},
  "lasp_support": {:hex, :lasp_support, "0.0.1", "28e79936e10c5bfb9b8246ac1f4f8385224d4e1e288f318c6d51c42d277a7a6e", [:rebar3], [{:lager, "3.2.4", [hex: :lager, optional: false]}, {:riak_dt, "2.1.1", [hex: :riak_dt, optional: false]}, {:time_compat, "0.0.1", [hex: :time_compat, optional: false]}]},
  "lz4": {:git, "https://github.com/szktty/erlang-lz4.git", "30878eafeff35939052c2cafe17d21c95029d3a1", [tag: "0.2.2"]},
  "metrics": {:hex, :metrics, "1.0.1", "25f094dea2cda98213cecc3aeff09e940299d950904393b2a29d191c346a8486", [:rebar3], []},
  "mimerl": {:hex, :mimerl, "1.0.2", "993f9b0e084083405ed8252b99460c4f0563e41729ab42d9074fd5e52439be88", [:rebar3], []},
  "parallel_stream": {:hex, :parallel_stream, "1.0.5", "4c78d3e675f9eff885cbe252c89a8fc1d2fb803c0d03a914281e587834e09431", [:mix], []},
  "partisan": {:hex, :partisan, "0.2.2", "196dccb379cc15e3bac1346944203db2aff6cdfc5fb5d278a8fa746524f94d8f", [:rebar3], [{:acceptor_pool, "~>1.0.0-rc.0", [hex: :acceptor_pool, optional: false]}, {:lager, "~>3.2.4", [hex: :lager, optional: false]}, {:rand_compat, "~>0.0.1", [hex: :rand_compat, optional: false]}, {:time_compat, "~>0.0.1", [hex: :time_compat, optional: false]}, {:types, "~>0.0.4", [hex: :types, optional: false]}]},
  "plumtree": {:hex, :plumtree, "0.2.0", "610b850167be9f89156e04f367091c0b2fe56deea8c54d3ec9ab0bf758e622e1", [:rebar3], [{:lager, "~>3.2.4", [hex: :lager, optional: false]}, {:lasp_support, "~>0.0.1", [hex: :lasp_support, optional: false]}, {:partisan, "~>0.2.0", [hex: :partisan, optional: false]}, {:rand_compat, "~>0.0.1", [hex: :rand_compat, optional: false]}, {:time_compat, "~>0.0.1", [hex: :time_compat, optional: false]}]},
  "poison": {:hex, :poison, "2.2.0", "4763b69a8a77bd77d26f477d196428b741261a761257ff1cf92753a0d4d24a63", [:mix], []},
  "poolboy": {:hex, :poolboy, "1.5.1", "6b46163901cfd0a1b43d692657ed9d7e599853b3b21b95ae5ae0a777cf9b6ca8", [:rebar], []},
  "pooler": {:git, "https://github.com/seth/pooler.git", "b6c522a67a1d067122705ef725535a8664dd8514", [tag: "1.5.0"]},
  "postgrex": {:hex, :postgrex, "1.0.0-rc.1", "87d509aa26b01e8da0d177abce17a7f308f32500871021458665469b5aedbea2", [:mix], [{:connection, "~> 1.0", [hex: :connection, optional: false]}, {:db_connection, "~> 1.1", [hex: :db_connection, optional: false]}, {:decimal, "~> 1.0", [hex: :decimal, optional: false]}]},
  "quickrand": {:git, "https://github.com/okeuday/quickrand.git", "3eadabe05bddbffe9e3d5cf17a9384319d8756a1", [tag: "v1.4.0"]},
  "rand_compat": {:hex, :rand_compat, "0.0.1", "624b590931d27252d0bcf710211699db3695540706f57d2e91b918a17ab58839", [:rebar3], []},
  "re2": {:git, "https://github.com/tuncer/re2.git", "71e3ebae754e2b05864442dc9329dc537e5b3641", [tag: "v1.7.1"]},
  "riak_dt": {:hex, :riak_dt, "2.1.1", "56b1898a543c561994f5d052fdea972525ca98f46fdb3dcdb7366e4f92ee8f54", [:rebar3], []},
  "semver": {:git, "https://github.com/nebularis/semver.git", "c7d509f38298ec6594be4efdcd8a8f2322760039", [ref: "c7d509"]},
  "sext": {:hex, :sext, "1.4.0", "2a9443a90c3164231a5e11c73133c4b1762b27fbf1647aa0de06ef565c47b38b", [:rebar3], []},
  "slack": {:hex, :slack, "0.10.0", "97502a60fbb47bc1ddbb7b80a67296a1d9d9a5fd2fe5734c257e553b8223e830", [:mix], [{:exjsx, "~> 3.2.0", [hex: :exjsx, repo: "hexpm", optional: false]}, {:httpoison, "~> 0.11", [hex: :httpoison, repo: "hexpm", optional: false]}, {:websocket_client, "~> 1.1.0", [hex: :websocket_client, repo: "hexpm", optional: false]}], "hexpm"},
  "snappy": {:git, "https://github.com/fdmanana/snappy-erlang-nif.git", "c4cd1bb35f3a3a399737d64bd03b479817b90e75", [ref: "c4cd1bb"]},
  "socket": {:hex, :socket, "0.3.7", "68c029a8449fc6efc5f4c3bdf6d8b19ca94d3304e419f364c5cfc8b716f7c219", [:mix], []},
  "ssl_verify_fun": {:hex, :ssl_verify_fun, "1.1.1", "28a4d65b7f59893bc2c7de786dec1e1555bd742d336043fe644ae956c3497fbe", [:make, :rebar], []},
  "syn": {:hex, :syn, "1.6.0", "11edf63c417fa7d4ea95ea9b1c2f64cfc1a81ff5d852916860fa41cd95160445", [:rebar3], []},
  "time_compat": {:hex, :time_compat, "0.0.1", "23fe0ad1fdf3b5b88821b2d04b4b5e865bf587ae66056d671fe0f53514ed8139", [:rebar3], []},
  "types": {:hex, :types, "0.0.7", "c6bc3b5ce26939c01d54fa83fd823b36fdb920612f278c23cc2b7e1337a67e55", [:rebar3], []},
  "unicode_util_compat": {:hex, :unicode_util_compat, "0.3.1", "a1f612a7b512638634a603c8f401892afbf99b8ce93a45041f8aaca99cadb85e", [], [], "hexpm"},
  "uuid": {:git, "https://github.com/okeuday/uuid.git", "41e4e0edc4fe6291227b3fe74f7c2362f2525b21", [tag: "v1.4.1"]},
  "websocket_client": {:hex, :websocket_client, "1.1.0", "c1ac9162a2286d3ca747417b1717090e762becba1f9f0bde359cb0318b066636", [:rebar3], []},
}
